// !$*UTF8*$!
{
	archiveVersion = 1;
	classes = {
	};
	objectVersion = 50;
	objects = {

/* Begin PBXBuildFile section */
		6A12AA3522432322006CA5D3 /* AppDelegate.m in Sources */ = {isa = PBXBuildFile; fileRef = 6A12AA3422432322006CA5D3 /* AppDelegate.m */; };
		6A12AA3822432322006CA5D3 /* ViewController.m in Sources */ = {isa = PBXBuildFile; fileRef = 6A12AA3722432322006CA5D3 /* ViewController.m */; };
		6A12AA3B22432322006CA5D3 /* Main.storyboard in Resources */ = {isa = PBXBuildFile; fileRef = 6A12AA3922432322006CA5D3 /* Main.storyboard */; };
		6A12AA3D22432323006CA5D3 /* Assets.xcassets in Resources */ = {isa = PBXBuildFile; fileRef = 6A12AA3C22432323006CA5D3 /* Assets.xcassets */; };
		6A12AA4022432323006CA5D3 /* LaunchScreen.storyboard in Resources */ = {isa = PBXBuildFile; fileRef = 6A12AA3E22432323006CA5D3 /* LaunchScreen.storyboard */; };
		6A12AA4322432323006CA5D3 /* main.m in Sources */ = {isa = PBXBuildFile; fileRef = 6A12AA4222432323006CA5D3 /* main.m */; };
		6A12AA4D22432323006CA5D3 /* KbboTests.m in Sources */ = {isa = PBXBuildFile; fileRef = 6A12AA4C22432323006CA5D3 /* KbboTests.m */; };
		6A12AA5822432323006CA5D3 /* KbboUITests.m in Sources */ = {isa = PBXBuildFile; fileRef = 6A12AA5722432323006CA5D3 /* KbboUITests.m */; };
		6A12AA6B22432703006CA5D3 /* Happy.png in Resources */ = {isa = PBXBuildFile; fileRef = 6A12AA6522432703006CA5D3 /* Happy.png */; };
		6A12AA6C22432703006CA5D3 /* V.jpeg in Resources */ = {isa = PBXBuildFile; fileRef = 6A12AA6622432703006CA5D3 /* V.jpeg */; };
		6A12AA6D22432704006CA5D3 /* K.jpeg in Resources */ = {isa = PBXBuildFile; fileRef = 6A12AA6722432703006CA5D3 /* K.jpeg */; };
		6A12AA6E22432704006CA5D3 /* So So.png in Resources */ = {isa = PBXBuildFile; fileRef = 6A12AA6822432703006CA5D3 /* So So.png */; };
		6A12AA6F22432704006CA5D3 /* B.jpeg in Resources */ = {isa = PBXBuildFile; fileRef = 6A12AA6922432703006CA5D3 /* B.jpeg */; };
		6A12AA7022432704006CA5D3 /* Angry.png in Resources */ = {isa = PBXBuildFile; fileRef = 6A12AA6A22432703006CA5D3 /* Angry.png */; };
/* End PBXBuildFile section */

/* Begin PBXContainerItemProxy section */
		6A12AA4922432323006CA5D3 /* PBXContainerItemProxy */ = {
			isa = PBXContainerItemProxy;
			containerPortal = 6A12AA2822432322006CA5D3 /* Project object */;
			proxyType = 1;
			remoteGlobalIDString = 6A12AA2F22432322006CA5D3;
			remoteInfo = Kbbo;
		};
		6A12AA5422432323006CA5D3 /* PBXContainerItemProxy */ = {
			isa = PBXContainerItemProxy;
			containerPortal = 6A12AA2822432322006CA5D3 /* Project object */;
			proxyType = 1;
			remoteGlobalIDString = 6A12AA2F22432322006CA5D3;
			remoteInfo = Kbbo;
		};
/* End PBXContainerItemProxy section */

/* Begin PBXFileReference section */
		6A12AA3022432322006CA5D3 /* Kbbo.app */ = {isa = PBXFileReference; explicitFileType = wrapper.application; includeInIndex = 0; path = Kbbo.app; sourceTree = BUILT_PRODUCTS_DIR; };
		6A12AA3322432322006CA5D3 /* AppDelegate.h */ = {isa = PBXFileReference; lastKnownFileType = sourcecode.c.h; path = AppDelegate.h; sourceTree = "<group>"; };
		6A12AA3422432322006CA5D3 /* AppDelegate.m */ = {isa = PBXFileReference; lastKnownFileType = sourcecode.c.objc; path = AppDelegate.m; sourceTree = "<group>"; };
		6A12AA3622432322006CA5D3 /* ViewController.h */ = {isa = PBXFileReference; lastKnownFileType = sourcecode.c.h; path = ViewController.h; sourceTree = "<group>"; };
		6A12AA3722432322006CA5D3 /* ViewController.m */ = {isa = PBXFileReference; lastKnownFileType = sourcecode.c.objc; path = ViewController.m; sourceTree = "<group>"; };
		6A12AA3A22432322006CA5D3 /* Base */ = {isa = PBXFileReference; lastKnownFileType = file.storyboard; name = Base; path = Base.lproj/Main.storyboard; sourceTree = "<group>"; };
		6A12AA3C22432323006CA5D3 /* Assets.xcassets */ = {isa = PBXFileReference; lastKnownFileType = folder.assetcatalog; path = Assets.xcassets; sourceTree = "<group>"; };
		6A12AA3F22432323006CA5D3 /* Base */ = {isa = PBXFileReference; lastKnownFileType = file.storyboard; name = Base; path = Base.lproj/LaunchScreen.storyboard; sourceTree = "<group>"; };
		6A12AA4122432323006CA5D3 /* Info.plist */ = {isa = PBXFileReference; lastKnownFileType = text.plist.xml; path = Info.plist; sourceTree = "<group>"; };
		6A12AA4222432323006CA5D3 /* main.m */ = {isa = PBXFileReference; lastKnownFileType = sourcecode.c.objc; path = main.m; sourceTree = "<group>"; };
		6A12AA4822432323006CA5D3 /* KbboTests.xctest */ = {isa = PBXFileReference; explicitFileType = wrapper.cfbundle; includeInIndex = 0; path = KbboTests.xctest; sourceTree = BUILT_PRODUCTS_DIR; };
		6A12AA4C22432323006CA5D3 /* KbboTests.m */ = {isa = PBXFileReference; lastKnownFileType = sourcecode.c.objc; path = KbboTests.m; sourceTree = "<group>"; };
		6A12AA4E22432323006CA5D3 /* Info.plist */ = {isa = PBXFileReference; lastKnownFileType = text.plist.xml; path = Info.plist; sourceTree = "<group>"; };
		6A12AA5322432323006CA5D3 /* KbboUITests.xctest */ = {isa = PBXFileReference; explicitFileType = wrapper.cfbundle; includeInIndex = 0; path = KbboUITests.xctest; sourceTree = BUILT_PRODUCTS_DIR; };
		6A12AA5722432323006CA5D3 /* KbboUITests.m */ = {isa = PBXFileReference; lastKnownFileType = sourcecode.c.objc; path = KbboUITests.m; sourceTree = "<group>"; };
		6A12AA5922432323006CA5D3 /* Info.plist */ = {isa = PBXFileReference; lastKnownFileType = text.plist.xml; path = Info.plist; sourceTree = "<group>"; };
		6A12AA6522432703006CA5D3 /* Happy.png */ = {isa = PBXFileReference; lastKnownFileType = image.png; path = Happy.png; sourceTree = "<group>"; };
		6A12AA6622432703006CA5D3 /* V.jpeg */ = {isa = PBXFileReference; lastKnownFileType = image.jpeg; path = V.jpeg; sourceTree = "<group>"; };
		6A12AA6722432703006CA5D3 /* K.jpeg */ = {isa = PBXFileReference; lastKnownFileType = image.jpeg; path = K.jpeg; sourceTree = "<group>"; };
		6A12AA6822432703006CA5D3 /* So So.png */ = {isa = PBXFileReference; lastKnownFileType = image.png; path = "So So.png"; sourceTree = "<group>"; };
		6A12AA6922432703006CA5D3 /* B.jpeg */ = {isa = PBXFileReference; lastKnownFileType = image.jpeg; path = B.jpeg; sourceTree = "<group>"; };
		6A12AA6A22432703006CA5D3 /* Angry.png */ = {isa = PBXFileReference; lastKnownFileType = image.png; path = Angry.png; sourceTree = "<group>"; };
/* End PBXFileReference section */

/* Begin PBXFrameworksBuildPhase section */
		6A12AA2D22432322006CA5D3 /* Frameworks */ = {
			isa = PBXFrameworksBuildPhase;
			buildActionMask = 2147483647;
			files = (
			);
			runOnlyForDeploymentPostprocessing = 0;
		};
		6A12AA4522432323006CA5D3 /* Frameworks */ = {
			isa = PBXFrameworksBuildPhase;
			buildActionMask = 2147483647;
			files = (
			);
			runOnlyForDeploymentPostprocessing = 0;
		};
		6A12AA5022432323006CA5D3 /* Frameworks */ = {
			isa = PBXFrameworksBuildPhase;
			buildActionMask = 2147483647;
			files = (
			);
			runOnlyForDeploymentPostprocessing = 0;
		};
/* End PBXFrameworksBuildPhase section */

/* Begin PBXGroup section */
		6A12AA2722432322006CA5D3 = {
			isa = PBXGroup;
			children = (
				6A12AA3222432322006CA5D3 /* Kbbo */,
				6A12AA4B22432323006CA5D3 /* KbboTests */,
				6A12AA5622432323006CA5D3 /* KbboUITests */,
				6A12AA3122432322006CA5D3 /* Products */,
			);
			sourceTree = "<group>";
		};
		6A12AA3122432322006CA5D3 /* Products */ = {
			isa = PBXGroup;
			children = (
				6A12AA3022432322006CA5D3 /* Kbbo.app */,
				6A12AA4822432323006CA5D3 /* KbboTests.xctest */,
				6A12AA5322432323006CA5D3 /* KbboUITests.xctest */,
			);
			name = Products;
			sourceTree = "<group>";
		};
		6A12AA3222432322006CA5D3 /* Kbbo */ = {
			isa = PBXGroup;
			children = (
				6A12AA6A22432703006CA5D3 /* Angry.png */,
				6A12AA6922432703006CA5D3 /* B.jpeg */,
				6A12AA6522432703006CA5D3 /* Happy.png */,
				6A12AA6722432703006CA5D3 /* K.jpeg */,
				6A12AA6822432703006CA5D3 /* So So.png */,
				6A12AA6622432703006CA5D3 /* V.jpeg */,
				6A12AA3322432322006CA5D3 /* AppDelegate.h */,
				6A12AA3422432322006CA5D3 /* AppDelegate.m */,
				6A12AA3622432322006CA5D3 /* ViewController.h */,
				6A12AA3722432322006CA5D3 /* ViewController.m */,
				6A12AA3922432322006CA5D3 /* Main.storyboard */,
				6A12AA3C22432323006CA5D3 /* Assets.xcassets */,
				6A12AA3E22432323006CA5D3 /* LaunchScreen.storyboard */,
				6A12AA4122432323006CA5D3 /* Info.plist */,
				6A12AA4222432323006CA5D3 /* main.m */,
			);
			path = Kbbo;
			sourceTree = "<group>";
		};
		6A12AA4B22432323006CA5D3 /* KbboTests */ = {
			isa = PBXGroup;
			children = (
				6A12AA4C22432323006CA5D3 /* KbboTests.m */,
				6A12AA4E22432323006CA5D3 /* Info.plist */,
			);
			path = KbboTests;
			sourceTree = "<group>";
		};
		6A12AA5622432323006CA5D3 /* KbboUITests */ = {
			isa = PBXGroup;
			children = (
				6A12AA5722432323006CA5D3 /* KbboUITests.m */,
				6A12AA5922432323006CA5D3 /* Info.plist */,
			);
			path = KbboUITests;
			sourceTree = "<group>";
		};
/* End PBXGroup section */

/* Begin PBXNativeTarget section */
		6A12AA2F22432322006CA5D3 /* Kbbo */ = {
			isa = PBXNativeTarget;
			buildConfigurationList = 6A12AA5C22432323006CA5D3 /* Build configuration list for PBXNativeTarget "Kbbo" */;
			buildPhases = (
				6A12AA2C22432322006CA5D3 /* Sources */,
				6A12AA2D22432322006CA5D3 /* Frameworks */,
				6A12AA2E22432322006CA5D3 /* Resources */,
			);
			buildRules = (
			);
			dependencies = (
			);
			name = Kbbo;
			productName = Kbbo;
			productReference = 6A12AA3022432322006CA5D3 /* Kbbo.app */;
			productType = "com.apple.product-type.application";
		};
		6A12AA4722432323006CA5D3 /* KbboTests */ = {
			isa = PBXNativeTarget;
			buildConfigurationList = 6A12AA5F22432323006CA5D3 /* Build configuration list for PBXNativeTarget "KbboTests" */;
			buildPhases = (
				6A12AA4422432323006CA5D3 /* Sources */,
				6A12AA4522432323006CA5D3 /* Frameworks */,
				6A12AA4622432323006CA5D3 /* Resources */,
			);
			buildRules = (
			);
			dependencies = (
				6A12AA4A22432323006CA5D3 /* PBXTargetDependency */,
			);
			name = KbboTests;
			productName = KbboTests;
			productReference = 6A12AA4822432323006CA5D3 /* KbboTests.xctest */;
			productType = "com.apple.product-type.bundle.unit-test";
		};
		6A12AA5222432323006CA5D3 /* KbboUITests */ = {
			isa = PBXNativeTarget;
			buildConfigurationList = 6A12AA6222432323006CA5D3 /* Build configuration list for PBXNativeTarget "KbboUITests" */;
			buildPhases = (
				6A12AA4F22432323006CA5D3 /* Sources */,
				6A12AA5022432323006CA5D3 /* Frameworks */,
				6A12AA5122432323006CA5D3 /* Resources */,
			);
			buildRules = (
			);
			dependencies = (
				6A12AA5522432323006CA5D3 /* PBXTargetDependency */,
			);
			name = KbboUITests;
			productName = KbboUITests;
			productReference = 6A12AA5322432323006CA5D3 /* KbboUITests.xctest */;
			productType = "com.apple.product-type.bundle.ui-testing";
		};
/* End PBXNativeTarget section */

/* Begin PBXProject section */
		6A12AA2822432322006CA5D3 /* Project object */ = {
			isa = PBXProject;
			attributes = {
				LastUpgradeCheck = 1010;
				ORGANIZATIONNAME = "502-20";
				TargetAttributes = {
					6A12AA2F22432322006CA5D3 = {
						CreatedOnToolsVersion = 10.1;
					};
					6A12AA4722432323006CA5D3 = {
						CreatedOnToolsVersion = 10.1;
						TestTargetID = 6A12AA2F22432322006CA5D3;
					};
					6A12AA5222432323006CA5D3 = {
						CreatedOnToolsVersion = 10.1;
						TestTargetID = 6A12AA2F22432322006CA5D3;
					};
				};
			};
			buildConfigurationList = 6A12AA2B22432322006CA5D3 /* Build configuration list for PBXProject "Kbbo" */;
			compatibilityVersion = "Xcode 9.3";
			developmentRegion = en;
			hasScannedForEncodings = 0;
			knownRegions = (
				en,
				Base,
			);
			mainGroup = 6A12AA2722432322006CA5D3;
			productRefGroup = 6A12AA3122432322006CA5D3 /* Products */;
			projectDirPath = "";
			projectRoot = "";
			targets = (
				6A12AA2F22432322006CA5D3 /* Kbbo */,
				6A12AA4722432323006CA5D3 /* KbboTests */,
				6A12AA5222432323006CA5D3 /* KbboUITests */,
			);
		};
/* End PBXProject section */

/* Begin PBXResourcesBuildPhase section */
		6A12AA2E22432322006CA5D3 /* Resources */ = {
			isa = PBXResourcesBuildPhase;
			buildActionMask = 2147483647;
			files = (
				6A12AA7022432704006CA5D3 /* Angry.png in Resources */,
				6A12AA6C22432703006CA5D3 /* V.jpeg in Resources */,
				6A12AA4022432323006CA5D3 /* LaunchScreen.storyboard in Resources */,
				6A12AA3D22432323006CA5D3 /* Assets.xcassets in Resources */,
				6A12AA6D22432704006CA5D3 /* K.jpeg in Resources */,
				6A12AA6F22432704006CA5D3 /* B.jpeg in Resources */,
				6A12AA6B22432703006CA5D3 /* Happy.png in Resources */,
				6A12AA6E22432704006CA5D3 /* So So.png in Resources */,
				6A12AA3B22432322006CA5D3 /* Main.storyboard in Resources */,
			);
			runOnlyForDeploymentPostprocessing = 0;
		};
		6A12AA4622432323006CA5D3 /* Resources */ = {
			isa = PBXResourcesBuildPhase;
			buildActionMask = 2147483647;
			files = (
			);
			runOnlyForDeploymentPostprocessing = 0;
		};
		6A12AA5122432323006CA5D3 /* Resources */ = {
			isa = PBXResourcesBuildPhase;
			buildActionMask = 2147483647;
			files = (
			);
			runOnlyForDeploymentPostprocessing = 0;
		};
/* End PBXResourcesBuildPhase section */

/* Begin PBXSourcesBuildPhase section */
		6A12AA2C22432322006CA5D3 /* Sources */ = {
			isa = PBXSourcesBuildPhase;
			buildActionMask = 2147483647;
			files = (
				6A12AA3822432322006CA5D3 /* ViewController.m in Sources */,
				6A12AA4322432323006CA5D3 /* main.m in Sources */,
				6A12AA3522432322006CA5D3 /* AppDelegate.m in Sources */,
			);
			runOnlyForDeploymentPostprocessing = 0;
		};
		6A12AA4422432323006CA5D3 /* Sources */ = {
			isa = PBXSourcesBuildPhase;
			buildActionMask = 2147483647;
			files = (
				6A12AA4D22432323006CA5D3 /* KbboTests.m in Sources */,
			);
			runOnlyForDeploymentPostprocessing = 0;
		};
		6A12AA4F22432323006CA5D3 /* Sources */ = {
			isa = PBXSourcesBuildPhase;
			buildActionMask = 2147483647;
			files = (
				6A12AA5822432323006CA5D3 /* KbboUITests.m in Sources */,
			);
			runOnlyForDeploymentPostprocessing = 0;
		};
/* End PBXSourcesBuildPhase section */

/* Begin PBXTargetDependency section */
		6A12AA4A22432323006CA5D3 /* PBXTargetDependency */ = {
			isa = PBXTargetDependency;
			target = 6A12AA2F22432322006CA5D3 /* Kbbo */;
			targetProxy = 6A12AA4922432323006CA5D3 /* PBXContainerItemProxy */;
		};
		6A12AA5522432323006CA5D3 /* PBXTargetDependency */ = {
			isa = PBXTargetDependency;
			target = 6A12AA2F22432322006CA5D3 /* Kbbo */;
			targetProxy = 6A12AA5422432323006CA5D3 /* PBXContainerItemProxy */;
		};
/* End PBXTargetDependency section */

/* Begin PBXVariantGroup section */
		6A12AA3922432322006CA5D3 /* Main.storyboard */ = {
			isa = PBXVariantGroup;
			children = (
				6A12AA3A22432322006CA5D3 /* Base */,
			);
			name = Main.storyboard;
			sourceTree = "<group>";
		};
		6A12AA3E22432323006CA5D3 /* LaunchScreen.storyboard */ = {
			isa = PBXVariantGroup;
			children = (
				6A12AA3F22432323006CA5D3 /* Base */,
			);
			name = LaunchScreen.storyboard;
			sourceTree = "<group>";
		};
/* End PBXVariantGroup section */

/* Begin XCBuildConfiguration section */
		6A12AA5A22432323006CA5D3 /* Debug */ = {
			isa = XCBuildConfiguration;
			buildSettings = {
				ALWAYS_SEARCH_USER_PATHS = NO;
				CLANG_ANALYZER_NONNULL = YES;
				CLANG_ANALYZER_NUMBER_OBJECT_CONVERSION = YES_AGGRESSIVE;
				CLANG_CXX_LANGUAGE_STANDARD = "gnu++14";
				CLANG_CXX_LIBRARY = "libc++";
				CLANG_ENABLE_MODULES = YES;
				CLANG_ENABLE_OBJC_ARC = YES;
				CLANG_ENABLE_OBJC_WEAK = YES;
				CLANG_WARN_BLOCK_CAPTURE_AUTORELEASING = YES;
				CLANG_WARN_BOOL_CONVERSION = YES;
				CLANG_WARN_COMMA = YES;
				CLANG_WARN_CONSTANT_CONVERSION = YES;
				CLANG_WARN_DEPRECATED_OBJC_IMPLEMENTATIONS = YES;
				CLANG_WARN_DIRECT_OBJC_ISA_USAGE = YES_ERROR;
				CLANG_WARN_DOCUMENTATION_COMMENTS = YES;
				CLANG_WARN_EMPTY_BODY = YES;
				CLANG_WARN_ENUM_CONVERSION = YES;
				CLANG_WARN_INFINITE_RECURSION = YES;
				CLANG_WARN_INT_CONVERSION = YES;
				CLANG_WARN_NON_LITERAL_NULL_CONVERSION = YES;
				CLANG_WARN_OBJC_IMPLICIT_RETAIN_SELF = YES;
				CLANG_WARN_OBJC_LITERAL_CONVERSION = YES;
				CLANG_WARN_OBJC_ROOT_CLASS = YES_ERROR;
				CLANG_WARN_RANGE_LOOP_ANALYSIS = YES;
				CLANG_WARN_STRICT_PROTOTYPES = YES;
				CLANG_WARN_SUSPICIOUS_MOVE = YES;
				CLANG_WARN_UNGUARDED_AVAILABILITY = YES_AGGRESSIVE;
				CLANG_WARN_UNREACHABLE_CODE = YES;
				CLANG_WARN__DUPLICATE_METHOD_MATCH = YES;
				CODE_SIGN_IDENTITY = "iPhone Developer";
				COPY_PHASE_STRIP = NO;
				DEBUG_INFORMATION_FORMAT = dwarf;
				ENABLE_STRICT_OBJC_MSGSEND = YES;
				ENABLE_TESTABILITY = YES;
				GCC_C_LANGUAGE_STANDARD = gnu11;
				GCC_DYNAMIC_NO_PIC = NO;
				GCC_NO_COMMON_BLOCKS = YES;
				GCC_OPTIMIZATION_LEVEL = 0;
				GCC_PREPROCESSOR_DEFINITIONS = (
					"DEBUG=1",
					"$(inherited)",
				);
				GCC_WARN_64_TO_32_BIT_CONVERSION = YES;
				GCC_WARN_ABOUT_RETURN_TYPE = YES_ERROR;
				GCC_WARN_UNDECLARED_SELECTOR = YES;
				GCC_WARN_UNINITIALIZED_AUTOS = YES_AGGRESSIVE;
				GCC_WARN_UNUSED_FUNCTION = YES;
				GCC_WARN_UNUSED_VARIABLE = YES;
				IPHONEOS_DEPLOYMENT_TARGET = 12.1;
				MTL_ENABLE_DEBUG_INFO = INCLUDE_SOURCE;
				MTL_FAST_MATH = YES;
				ONLY_ACTIVE_ARCH = YES;
				SDKROOT = iphoneos;
			};
			name = Debug;
		};
		6A12AA5B22432323006CA5D3 /* Release */ = {
			isa = XCBuildConfiguration;
			buildSettings = {
				ALWAYS_SEARCH_USER_PATHS = NO;
				CLANG_ANALYZER_NONNULL = YES;
				CLANG_ANALYZER_NUMBER_OBJECT_CONVERSION = YES_AGGRESSIVE;
				CLANG_CXX_LANGUAGE_STANDARD = "gnu++14";
				CLANG_CXX_LIBRARY = "libc++";
				CLANG_ENABLE_MODULES = YES;
				CLANG_ENABLE_OBJC_ARC = YES;
				CLANG_ENABLE_OBJC_WEAK = YES;
				CLANG_WARN_BLOCK_CAPTURE_AUTORELEASING = YES;
				CLANG_WARN_BOOL_CONVERSION = YES;
				CLANG_WARN_COMMA = YES;
				CLANG_WARN_CONSTANT_CONVERSION = YES;
				CLANG_WARN_DEPRECATED_OBJC_IMPLEMENTATIONS = YES;
				CLANG_WARN_DIRECT_OBJC_ISA_USAGE = YES_ERROR;
				CLANG_WARN_DOCUMENTATION_COMMENTS = YES;
				CLANG_WARN_EMPTY_BODY = YES;
				CLANG_WARN_ENUM_CONVERSION = YES;
				CLANG_WARN_INFINITE_RECURSION = YES;
				CLANG_WARN_INT_CONVERSION = YES;
				CLANG_WARN_NON_LITERAL_NULL_CONVERSION = YES;
				CLANG_WARN_OBJC_IMPLICIT_RETAIN_SELF = YES;
				CLANG_WARN_OBJC_LITERAL_CONVERSION = YES;
				CLANG_WARN_OBJC_ROOT_CLASS = YES_ERROR;
				CLANG_WARN_RANGE_LOOP_ANALYSIS = YES;
				CLANG_WARN_STRICT_PROTOTYPES = YES;
				CLANG_WARN_SUSPICIOUS_MOVE = YES;
				CLANG_WARN_UNGUARDED_AVAILABILITY = YES_AGGRESSIVE;
				CLANG_WARN_UNREACHABLE_CODE = YES;
				CLANG_WARN__DUPLICATE_METHOD_MATCH = YES;
				CODE_SIGN_IDENTITY = "iPhone Developer";
				COPY_PHASE_STRIP = NO;
				DEBUG_INFORMATION_FORMAT = "dwarf-with-dsym";
				ENABLE_NS_ASSERTIONS = NO;
				ENABLE_STRICT_OBJC_MSGSEND = YES;
				GCC_C_LANGUAGE_STANDARD = gnu11;
				GCC_NO_COMMON_BLOCKS = YES;
				GCC_WARN_64_TO_32_BIT_CONVERSION = YES;
				GCC_WARN_ABOUT_RETURN_TYPE = YES_ERROR;
				GCC_WARN_UNDECLARED_SELECTOR = YES;
				GCC_WARN_UNINITIALIZED_AUTOS = YES_AGGRESSIVE;
				GCC_WARN_UNUSED_FUNCTION = YES;
				GCC_WARN_UNUSED_VARIABLE = YES;
				IPHONEOS_DEPLOYMENT_TARGET = 12.1;
				MTL_ENABLE_DEBUG_INFO = NO;
				MTL_FAST_MATH = YES;
				SDKROOT = iphoneos;
				VALIDATE_PRODUCT = YES;
			};
			name = Release;
		};
		6A12AA5D22432323006CA5D3 /* Debug */ = {
			isa = XCBuildConfiguration;
			buildSettings = {
				ASSETCATALOG_COMPILER_APPICON_NAME = AppIcon;
				CODE_SIGN_STYLE = Automatic;
				INFOPLIST_FILE = Kbbo/Info.plist;
				LD_RUNPATH_SEARCH_PATHS = (
					"$(inherited)",
					"@executable_path/Frameworks",
				);
				PRODUCT_BUNDLE_IDENTIFIER = BU.Kbbo;
				PRODUCT_NAME = "$(TARGET_NAME)";
				TARGETED_DEVICE_FAMILY = "1,2";
			};
			name = Debug;
		};
		6A12AA5E22432323006CA5D3 /* Release */ = {
			isa = XCBuildConfiguration;
			buildSettings = {
				ASSETCATALOG_COMPILER_APPICON_NAME = AppIcon;
				CODE_SIGN_STYLE = Automatic;
				INFOPLIST_FILE = Kbbo/Info.plist;
				LD_RUNPATH_SEARCH_PATHS = (
					"$(inherited)",
					"@executable_path/Frameworks",
				);
				PRODUCT_BUNDLE_IDENTIFIER = BU.Kbbo;
				PRODUCT_NAME = "$(TARGET_NAME)";
				TARGETED_DEVICE_FAMILY = "1,2";
			};
			name = Release;
		};
		6A12AA6022432323006CA5D3 /* Debug */ = {
			isa = XCBuildConfiguration;
			buildSettings = {
				BUNDLE_LOADER = "$(TEST_HOST)";
				CODE_SIGN_STYLE = Automatic;
				INFOPLIST_FILE = KbboTests/Info.plist;
				LD_RUNPATH_SEARCH_PATHS = (
					"$(inherited)",
					"@executable_path/Frameworks",
					"@loader_path/Frameworks",
				);
				PRODUCT_BUNDLE_IDENTIFIER = BU.KbboTests;
				PRODUCT_NAME = "$(TARGET_NAME)";
				TARGETED_DEVICE_FAMILY = "1,2";
				TEST_HOST = "$(BUILT_PRODUCTS_DIR)/Kbbo.app/Kbbo";
			};
			name = Debug;
		};
		6A12AA6122432323006CA5D3 /* Release */ = {
			isa = XCBuildConfiguration;
			buildSettings = {
				BUNDLE_LOADER = "$(TEST_HOST)";
				CODE_SIGN_STYLE = Automatic;
				INFOPLIST_FILE = KbboTests/Info.plist;
				LD_RUNPATH_SEARCH_PATHS = (
					"$(inherited)",
					"@executable_path/Frameworks",
					"@loader_path/Frameworks",
				);
				PRODUCT_BUNDLE_IDENTIFIER = BU.KbboTests;
				PRODUCT_NAME = "$(TARGET_NAME)";
				TARGETED_DEVICE_FAMILY = "1,2";
				TEST_HOST = "$(BUILT_PRODUCTS_DIR)/Kbbo.app/Kbbo";
			};
			name = Release;
		};
		6A12AA6322432323006CA5D3 /* Debug */ = {
			isa = XCBuildConfiguration;
			buildSettings = {
				CODE_SIGN_STYLE = Automatic;
				INFOPLIST_FILE = KbboUITests/Info.plist;
				LD_RUNPATH_SEARCH_PATHS = (
					"$(inherited)",
					"@executable_path/Frameworks",
					"@loader_path/Frameworks",
				);
				PRODUCT_BUNDLE_IDENTIFIER = BU.KbboUITests;
				PRODUCT_NAME = "$(TARGET_NAME)";
				TARGETED_DEVICE_FAMILY = "1,2";
				TEST_TARGET_NAME = Kbbo;
			};
			name = Debug;
		};
		6A12AA6422432323006CA5D3 /* Release */ = {
			isa = XCBuildConfiguration;
			buildSettings = {
				CODE_SIGN_STYLE = Automatic;
				INFOPLIST_FILE = KbboUITests/Info.plist;
				LD_RUNPATH_SEARCH_PATHS = (
					"$(inherited)",
					"@executable_path/Frameworks",
					"@loader_path/Frameworks",
				);
				PRODUCT_BUNDLE_IDENTIFIER = BU.KbboUITests;
				PRODUCT_NAME = "$(TARGET_NAME)";
				TARGETED_DEVICE_FAMILY = "1,2";
				TEST_TARGET_NAME = Kbbo;
			};
			name = Release;
		};
/* End XCBuildConfiguration section */

/* Begin XCConfigurationList section */
		6A12AA2B22432322006CA5D3 /* Build configuration list for PBXProject "Kbbo" */ = {
			isa = XCConfigurationList;
			buildConfigurations = (
				6A12AA5A22432323006CA5D3 /* Debug */,
				6A12AA5B22432323006CA5D3 /* Release */,
			);
			defaultConfigurationIsVisible = 0;
			defaultConfigurationName = Release;
		};
		6A12AA5C22432323006CA5D3 /* Build configuration list for PBXNativeTarget "Kbbo" */ = {
			isa = XCConfigurationList;
			buildConfigurations = (
				6A12AA5D22432323006CA5D3 /* Debug */,
				6A12AA5E22432323006CA5D3 /* Release */,
			);
			defaultConfigurationIsVisible = 0;
			defaultConfigurationName = Release;
		};
		6A12AA5F22432323006CA5D3 /* Build configuration list for PBXNativeTarget "KbboTests" */ = {
			isa = XCConfigurationList;
			buildConfigurations = (
				6A12AA6022432323006CA5D3 /* Debug */,
				6A12AA6122432323006CA5D3 /* Release */,
			);
			defaultConfigurationIsVisible = 0;
			defaultConfigurationName = Release;
		};
		6A12AA6222432323006CA5D3 /* Build configuration list for PBXNativeTarget "KbboUITests" */ = {
			isa = XCConfigurationList;
			buildConfigurations = (
				6A12AA6322432323006CA5D3 /* Debug */,
				6A12AA6422432323006CA5D3 /* Release */,
			);
			defaultConfigurationIsVisible = 0;
			defaultConfigurationName = Release;
		};
/* End XCConfigurationList section */
	};
	rootObject = 6A12AA2822432322006CA5D3 /* Project object */;
}
